
Microsoft Visual Studio Solution File, Format Version 12.00
# Visual Studio 2012
Project("{FAE04EC0-301F-11D3-BF4B-00C04F79EFBC}") = "Nozomi.Data", "Nozomi.Data\Nozomi.Data.csproj", "{AA3857F1-A9AA-4156-A8D5-A10971C731CA}"
EndProject
Project("{FAE04EC0-301F-11D3-BF4B-00C04F79EFBC}") = "Nozomi.Repo", "Nozomi.Repo\Nozomi.Repo.csproj", "{CB82BD49-6D8E-4808-8208-375B9AAA776C}"
EndProject
Project("{FAE04EC0-301F-11D3-BF4B-00C04F79EFBC}") = "Nozomi.Service", "Nozomi.Service\Nozomi.Service.csproj", "{66206D94-625E-4EC6-B2BA-2063C9CA7E25}"
EndProject
Project("{FAE04EC0-301F-11D3-BF4B-00C04F79EFBC}") = "Nozomi.Ticker", "Nozomi.Ticker\Nozomi.Ticker.csproj", "{C2DE3793-B136-4821-9DD6-27FCB355FB85}"
EndProject
Project("{FAE04EC0-301F-11D3-BF4B-00C04F79EFBC}") = "Nozomi.Core", "Nozomi.Core\Nozomi.Core.csproj", "{08B57962-9841-4DFA-8DC3-E95042220750}"
EndProject
Project("{2150E333-8FDC-42A3-9474-1A3956D46DE8}") = "Nozomi.Infra", "Nozomi.Infra", "{D54DB59C-EB6F-4CBD-9FC0-EF423F88248E}"
EndProject
Project("{2150E333-8FDC-42A3-9474-1A3956D46DE8}") = "Nozomi.Base", "Nozomi.Base", "{AE1F223F-EF2C-4237-81CE-435DCE9DF913}"
EndProject
Project("{2150E333-8FDC-42A3-9474-1A3956D46DE8}") = "Nozomi.DataAccess", "Nozomi.DataAccess", "{CD7C95FA-AEB1-4EC4-AA8C-3F6391A864A2}"
EndProject
Project("{2150E333-8FDC-42A3-9474-1A3956D46DE8}") = "Nozomi.Presentation", "Nozomi.Presentation", "{67D06790-261E-455B-BA5C-1033C2EC4A09}"
EndProject
Project("{FAE04EC0-301F-11D3-BF4B-00C04F79EFBC}") = "Nozomi.Preprocessing", "Nozomi.Preprocessing\Nozomi.Preprocessing.csproj", "{82F91DE5-FF08-4FA1-9EB5-03B73BA14E4E}"
EndProject
Project("{FAE04EC0-301F-11D3-BF4B-00C04F79EFBC}") = "Nozomi.Base.Identity", "Nozomi.Base.Identity\Nozomi.Base.Identity.csproj", "{EDB295B0-0D22-4988-928B-A662F270D6A9}"
EndProject
Global
	GlobalSection(SolutionConfigurationPlatforms) = preSolution
		Debug|Any CPU = Debug|Any CPU
		Release|Any CPU = Release|Any CPU
	EndGlobalSection
	GlobalSection(ProjectConfigurationPlatforms) = postSolution
		{AA3857F1-A9AA-4156-A8D5-A10971C731CA}.Debug|Any CPU.ActiveCfg = Debug|Any CPU
		{AA3857F1-A9AA-4156-A8D5-A10971C731CA}.Debug|Any CPU.Build.0 = Debug|Any CPU
		{AA3857F1-A9AA-4156-A8D5-A10971C731CA}.Release|Any CPU.ActiveCfg = Release|Any CPU
		{AA3857F1-A9AA-4156-A8D5-A10971C731CA}.Release|Any CPU.Build.0 = Release|Any CPU
		{CB82BD49-6D8E-4808-8208-375B9AAA776C}.Debug|Any CPU.ActiveCfg = Debug|Any CPU
		{CB82BD49-6D8E-4808-8208-375B9AAA776C}.Debug|Any CPU.Build.0 = Debug|Any CPU
		{CB82BD49-6D8E-4808-8208-375B9AAA776C}.Release|Any CPU.ActiveCfg = Release|Any CPU
		{CB82BD49-6D8E-4808-8208-375B9AAA776C}.Release|Any CPU.Build.0 = Release|Any CPU
		{66206D94-625E-4EC6-B2BA-2063C9CA7E25}.Debug|Any CPU.ActiveCfg = Debug|Any CPU
		{66206D94-625E-4EC6-B2BA-2063C9CA7E25}.Debug|Any CPU.Build.0 = Debug|Any CPU
		{66206D94-625E-4EC6-B2BA-2063C9CA7E25}.Release|Any CPU.ActiveCfg = Release|Any CPU
		{66206D94-625E-4EC6-B2BA-2063C9CA7E25}.Release|Any CPU.Build.0 = Release|Any CPU
		{C2DE3793-B136-4821-9DD6-27FCB355FB85}.Debug|Any CPU.ActiveCfg = Debug|Any CPU
		{C2DE3793-B136-4821-9DD6-27FCB355FB85}.Debug|Any CPU.Build.0 = Debug|Any CPU
		{C2DE3793-B136-4821-9DD6-27FCB355FB85}.Release|Any CPU.ActiveCfg = Release|Any CPU
		{C2DE3793-B136-4821-9DD6-27FCB355FB85}.Release|Any CPU.Build.0 = Release|Any CPU
		{08B57962-9841-4DFA-8DC3-E95042220750}.Debug|Any CPU.ActiveCfg = Debug|Any CPU
		{08B57962-9841-4DFA-8DC3-E95042220750}.Debug|Any CPU.Build.0 = Debug|Any CPU
		{08B57962-9841-4DFA-8DC3-E95042220750}.Release|Any CPU.ActiveCfg = Release|Any CPU
		{08B57962-9841-4DFA-8DC3-E95042220750}.Release|Any CPU.Build.0 = Release|Any CPU
		{82F91DE5-FF08-4FA1-9EB5-03B73BA14E4E}.Debug|Any CPU.ActiveCfg = Debug|Any CPU
		{82F91DE5-FF08-4FA1-9EB5-03B73BA14E4E}.Debug|Any CPU.Build.0 = Debug|Any CPU
		{82F91DE5-FF08-4FA1-9EB5-03B73BA14E4E}.Release|Any CPU.ActiveCfg = Release|Any CPU
		{82F91DE5-FF08-4FA1-9EB5-03B73BA14E4E}.Release|Any CPU.Build.0 = Release|Any CPU
		{EDB295B0-0D22-4988-928B-A662F270D6A9}.Debug|Any CPU.ActiveCfg = Debug|Any CPU
		{EDB295B0-0D22-4988-928B-A662F270D6A9}.Debug|Any CPU.Build.0 = Debug|Any CPU
		{EDB295B0-0D22-4988-928B-A662F270D6A9}.Release|Any CPU.ActiveCfg = Release|Any CPU
		{EDB295B0-0D22-4988-928B-A662F270D6A9}.Release|Any CPU.Build.0 = Release|Any CPU
	EndGlobalSection
	GlobalSection(NestedProjects) = preSolution
		{08B57962-9841-4DFA-8DC3-E95042220750} = {AE1F223F-EF2C-4237-81CE-435DCE9DF913}
		{AA3857F1-A9AA-4156-A8D5-A10971C731CA} = {AE1F223F-EF2C-4237-81CE-435DCE9DF913}
		{CB82BD49-6D8E-4808-8208-375B9AAA776C} = {CD7C95FA-AEB1-4EC4-AA8C-3F6391A864A2}
		{66206D94-625E-4EC6-B2BA-2063C9CA7E25} = {D54DB59C-EB6F-4CBD-9FC0-EF423F88248E}
		{C2DE3793-B136-4821-9DD6-27FCB355FB85} = {67D06790-261E-455B-BA5C-1033C2EC4A09}
		{82F91DE5-FF08-4FA1-9EB5-03B73BA14E4E} = {D54DB59C-EB6F-4CBD-9FC0-EF423F88248E}
		{EDB295B0-0D22-4988-928B-A662F270D6A9} = {AE1F223F-EF2C-4237-81CE-435DCE9DF913}
	EndGlobalSection
EndGlobal
