
Microsoft Visual Studio Solution File, Format Version 12.00
# Visual Studio 2012
Project("{FAE04EC0-301F-11D3-BF4B-00C04F79EFBC}") = "Nozomi.Base.Domain", "Nozomi.Base.Domain\Nozomi.Base.Domain.csproj", "{AA3857F1-A9AA-4156-A8D5-A10971C731CA}"
EndProject
Project("{FAE04EC0-301F-11D3-BF4B-00C04F79EFBC}") = "Nozomi.Repo", "Nozomi.Repo\Nozomi.Repo.csproj", "{CB82BD49-6D8E-4808-8208-375B9AAA776C}"
EndProject
Project("{FAE04EC0-301F-11D3-BF4B-00C04F79EFBC}") = "Nozomi.Infra.Service", "Nozomi.Infra.Service\Nozomi.Infra.Service.csproj", "{66206D94-625E-4EC6-B2BA-2063C9CA7E25}"
EndProject
Project("{FAE04EC0-301F-11D3-BF4B-00C04F79EFBC}") = "Nozomi.Base.BCL", "Nozomi.Base.BCL\Nozomi.Base.BCL.csproj", "{08B57962-9841-4DFA-8DC3-E95042220750}"
EndProject
Project("{2150E333-8FDC-42A3-9474-1A3956D46DE8}") = "Nozomi.Infra", "Nozomi.Infra", "{D54DB59C-EB6F-4CBD-9FC0-EF423F88248E}"
EndProject
Project("{2150E333-8FDC-42A3-9474-1A3956D46DE8}") = "Nozomi.Base", "Nozomi.Base", "{AE1F223F-EF2C-4237-81CE-435DCE9DF913}"
EndProject
Project("{2150E333-8FDC-42A3-9474-1A3956D46DE8}") = "Nozomi.DataAccess", "Nozomi.DataAccess", "{CD7C95FA-AEB1-4EC4-AA8C-3F6391A864A2}"
EndProject
Project("{2150E333-8FDC-42A3-9474-1A3956D46DE8}") = "Nozomi.Presentation", "Nozomi.Presentation", "{67D06790-261E-455B-BA5C-1033C2EC4A09}"
EndProject
Project("{FAE04EC0-301F-11D3-BF4B-00C04F79EFBC}") = "Nozomi.Infra.Preprocessing", "Nozomi.Infra.Preprocessing\Nozomi.Infra.Preprocessing.csproj", "{82F91DE5-FF08-4FA1-9EB5-03B73BA14E4E}"
EndProject
Project("{FAE04EC0-301F-11D3-BF4B-00C04F79EFBC}") = "Nozomi.Repo.BCL", "Nozomi.Repo.BCL\Nozomi.Repo.BCL.csproj", "{D0EDBECA-0DE0-41E0-8675-70FF8D94B583}"
EndProject
Project("{FAE04EC0-301F-11D3-BF4B-00C04F79EFBC}") = "Nozomi.Infra.Syncing", "Nozomi.Infra.Syncing\Nozomi.Infra.Syncing.csproj", "{52A95D05-B493-45F4-B914-72FC7C2C1003}"
EndProject
Project("{FAE04EC0-301F-11D3-BF4B-00C04F79EFBC}") = "Nozomi.WSS", "Nozomi.WSS\Nozomi.WSS.csproj", "{60F5FF91-FB17-4016-BCB0-45F4ED061089}"
EndProject
Project("{FAE04EC0-301F-11D3-BF4B-00C04F79EFBC}") = "Nozomi.HttpSyncing", "Nozomi.HttpSyncing\Nozomi.HttpSyncing.csproj", "{6C7FF0F8-DD27-4055-B0CA-FD438B663EAA}"
EndProject
Project("{FAE04EC0-301F-11D3-BF4B-00C04F79EFBC}") = "Nozomi.Compute", "Nozomi.Compute\Nozomi.Compute.csproj", "{DA615BA1-1DBD-49ED-A8D2-F131083401CE}"
EndProject
Project("{FAE04EC0-301F-11D3-BF4B-00C04F79EFBC}") = "Nozomi.Infra.Blockchain.Auth", "Nozomi.Infra.Blockchain.Auth\Nozomi.Infra.Blockchain.Auth.csproj", "{CD1B9980-2FF7-44C3-9631-DCC08A002DA4}"
EndProject
Project("{FAE04EC0-301F-11D3-BF4B-00C04F79EFBC}") = "Nozomi.Base.Blockchain.Auth", "Nozomi.Base.Blockchain.Auth\Nozomi.Base.Blockchain.Auth.csproj", "{457A55DC-934D-4FD9-9F34-E2A510F54237}"
EndProject
Project("{FAE04EC0-301F-11D3-BF4B-00C04F79EFBC}") = "Nozomi.Auth", "Nozomi.Auth\Nozomi.Auth.csproj", "{7224769F-EAB4-4C0E-B7AE-C1CF5E01E775}"
EndProject
Project("{FAE04EC0-301F-11D3-BF4B-00C04F79EFBC}") = "Nozomi.Repo.Auth", "Nozomi.Repo.Auth\Nozomi.Repo.Auth.csproj", "{2D0843BC-A8E1-41B0-88EF-4964D539655D}"
EndProject
Project("{FAE04EC0-301F-11D3-BF4B-00C04F79EFBC}") = "Nozomi.Base.Auth", "Nozomi.Base.Auth\Nozomi.Base.Auth.csproj", "{BD742A3F-F398-422E-A38B-1C22499D0722}"
EndProject
Project("{FAE04EC0-301F-11D3-BF4B-00C04F79EFBC}") = "Nozomi.Infra.Auth", "Nozomi.Infra.Auth\Nozomi.Infra.Auth.csproj", "{33272289-714F-491F-B87B-2EC25A5B5C6B}"
EndProject
Project("{FAE04EC0-301F-11D3-BF4B-00C04F79EFBC}") = "Nozomi.Web2", "Nozomi.Web2\Nozomi.Web2.csproj", "{E8116CCE-5778-40E6-9AE1-EEA22BAD632E}"
EndProject
Project("{FAE04EC0-301F-11D3-BF4B-00C04F79EFBC}") = "Nozomi.Compute2", "Nozomi.Compute2\Nozomi.Compute2.csproj", "{5A00DC4F-8DF2-46D6-9C02-587FCA28DD81}"
EndProject
Project("{FAE04EC0-301F-11D3-BF4B-00C04F79EFBC}") = "Nozomi.Infra.Compute", "Nozomi.Infra.Compute\Nozomi.Infra.Compute.csproj", "{1BD049C5-AF82-43D8-9D5E-5CFDF6082F4F}"
EndProject
Project("{FAE04EC0-301F-11D3-BF4B-00C04F79EFBC}") = "Nozomi.Repo.Compute", "Nozomi.Repo.Compute\Nozomi.Repo.Compute.csproj", "{C53D5C78-AB46-43A5-B71C-EBE014C7EAD0}"
EndProject
Project("{FAE04EC0-301F-11D3-BF4B-00C04F79EFBC}") = "Nozomi.Api", "Nozomi.Api\Nozomi.Api.csproj", "{604146FD-BF6E-406E-AC7D-D797FDE91E42}"
EndProject
Global
	GlobalSection(SolutionConfigurationPlatforms) = preSolution
		Debug|Any CPU = Debug|Any CPU
		Release|Any CPU = Release|Any CPU
	EndGlobalSection
	GlobalSection(ProjectConfigurationPlatforms) = postSolution
		{AA3857F1-A9AA-4156-A8D5-A10971C731CA}.Debug|Any CPU.ActiveCfg = Debug|Any CPU
		{AA3857F1-A9AA-4156-A8D5-A10971C731CA}.Debug|Any CPU.Build.0 = Debug|Any CPU
		{AA3857F1-A9AA-4156-A8D5-A10971C731CA}.Release|Any CPU.ActiveCfg = Release|Any CPU
		{AA3857F1-A9AA-4156-A8D5-A10971C731CA}.Release|Any CPU.Build.0 = Release|Any CPU
		{CB82BD49-6D8E-4808-8208-375B9AAA776C}.Debug|Any CPU.ActiveCfg = Debug|Any CPU
		{CB82BD49-6D8E-4808-8208-375B9AAA776C}.Debug|Any CPU.Build.0 = Debug|Any CPU
		{CB82BD49-6D8E-4808-8208-375B9AAA776C}.Release|Any CPU.ActiveCfg = Release|Any CPU
		{CB82BD49-6D8E-4808-8208-375B9AAA776C}.Release|Any CPU.Build.0 = Release|Any CPU
		{66206D94-625E-4EC6-B2BA-2063C9CA7E25}.Debug|Any CPU.ActiveCfg = Debug|Any CPU
		{66206D94-625E-4EC6-B2BA-2063C9CA7E25}.Debug|Any CPU.Build.0 = Debug|Any CPU
		{66206D94-625E-4EC6-B2BA-2063C9CA7E25}.Release|Any CPU.ActiveCfg = Release|Any CPU
		{66206D94-625E-4EC6-B2BA-2063C9CA7E25}.Release|Any CPU.Build.0 = Release|Any CPU
		{08B57962-9841-4DFA-8DC3-E95042220750}.Debug|Any CPU.ActiveCfg = Debug|Any CPU
		{08B57962-9841-4DFA-8DC3-E95042220750}.Debug|Any CPU.Build.0 = Debug|Any CPU
		{08B57962-9841-4DFA-8DC3-E95042220750}.Release|Any CPU.ActiveCfg = Release|Any CPU
		{08B57962-9841-4DFA-8DC3-E95042220750}.Release|Any CPU.Build.0 = Release|Any CPU
		{82F91DE5-FF08-4FA1-9EB5-03B73BA14E4E}.Debug|Any CPU.ActiveCfg = Debug|Any CPU
		{82F91DE5-FF08-4FA1-9EB5-03B73BA14E4E}.Debug|Any CPU.Build.0 = Debug|Any CPU
		{82F91DE5-FF08-4FA1-9EB5-03B73BA14E4E}.Release|Any CPU.ActiveCfg = Release|Any CPU
		{82F91DE5-FF08-4FA1-9EB5-03B73BA14E4E}.Release|Any CPU.Build.0 = Release|Any CPU
		{D0EDBECA-0DE0-41E0-8675-70FF8D94B583}.Debug|Any CPU.ActiveCfg = Debug|Any CPU
		{D0EDBECA-0DE0-41E0-8675-70FF8D94B583}.Debug|Any CPU.Build.0 = Debug|Any CPU
		{D0EDBECA-0DE0-41E0-8675-70FF8D94B583}.Release|Any CPU.ActiveCfg = Release|Any CPU
		{D0EDBECA-0DE0-41E0-8675-70FF8D94B583}.Release|Any CPU.Build.0 = Release|Any CPU
		{52A95D05-B493-45F4-B914-72FC7C2C1003}.Debug|Any CPU.ActiveCfg = Debug|Any CPU
		{52A95D05-B493-45F4-B914-72FC7C2C1003}.Debug|Any CPU.Build.0 = Debug|Any CPU
		{52A95D05-B493-45F4-B914-72FC7C2C1003}.Release|Any CPU.ActiveCfg = Release|Any CPU
		{52A95D05-B493-45F4-B914-72FC7C2C1003}.Release|Any CPU.Build.0 = Release|Any CPU
		{60F5FF91-FB17-4016-BCB0-45F4ED061089}.Debug|Any CPU.ActiveCfg = Debug|Any CPU
		{60F5FF91-FB17-4016-BCB0-45F4ED061089}.Debug|Any CPU.Build.0 = Debug|Any CPU
		{60F5FF91-FB17-4016-BCB0-45F4ED061089}.Release|Any CPU.ActiveCfg = Release|Any CPU
		{60F5FF91-FB17-4016-BCB0-45F4ED061089}.Release|Any CPU.Build.0 = Release|Any CPU
		{6C7FF0F8-DD27-4055-B0CA-FD438B663EAA}.Debug|Any CPU.ActiveCfg = Debug|Any CPU
		{6C7FF0F8-DD27-4055-B0CA-FD438B663EAA}.Debug|Any CPU.Build.0 = Debug|Any CPU
		{6C7FF0F8-DD27-4055-B0CA-FD438B663EAA}.Release|Any CPU.ActiveCfg = Release|Any CPU
		{6C7FF0F8-DD27-4055-B0CA-FD438B663EAA}.Release|Any CPU.Build.0 = Release|Any CPU
		{DA615BA1-1DBD-49ED-A8D2-F131083401CE}.Debug|Any CPU.ActiveCfg = Debug|Any CPU
		{DA615BA1-1DBD-49ED-A8D2-F131083401CE}.Debug|Any CPU.Build.0 = Debug|Any CPU
		{DA615BA1-1DBD-49ED-A8D2-F131083401CE}.Release|Any CPU.ActiveCfg = Release|Any CPU
		{DA615BA1-1DBD-49ED-A8D2-F131083401CE}.Release|Any CPU.Build.0 = Release|Any CPU
		{CD1B9980-2FF7-44C3-9631-DCC08A002DA4}.Debug|Any CPU.ActiveCfg = Debug|Any CPU
		{CD1B9980-2FF7-44C3-9631-DCC08A002DA4}.Debug|Any CPU.Build.0 = Debug|Any CPU
		{CD1B9980-2FF7-44C3-9631-DCC08A002DA4}.Release|Any CPU.ActiveCfg = Release|Any CPU
		{CD1B9980-2FF7-44C3-9631-DCC08A002DA4}.Release|Any CPU.Build.0 = Release|Any CPU
		{457A55DC-934D-4FD9-9F34-E2A510F54237}.Debug|Any CPU.ActiveCfg = Debug|Any CPU
		{457A55DC-934D-4FD9-9F34-E2A510F54237}.Debug|Any CPU.Build.0 = Debug|Any CPU
		{457A55DC-934D-4FD9-9F34-E2A510F54237}.Release|Any CPU.ActiveCfg = Release|Any CPU
		{457A55DC-934D-4FD9-9F34-E2A510F54237}.Release|Any CPU.Build.0 = Release|Any CPU
		{7224769F-EAB4-4C0E-B7AE-C1CF5E01E775}.Debug|Any CPU.ActiveCfg = Debug|Any CPU
		{7224769F-EAB4-4C0E-B7AE-C1CF5E01E775}.Debug|Any CPU.Build.0 = Debug|Any CPU
		{7224769F-EAB4-4C0E-B7AE-C1CF5E01E775}.Release|Any CPU.ActiveCfg = Release|Any CPU
		{7224769F-EAB4-4C0E-B7AE-C1CF5E01E775}.Release|Any CPU.Build.0 = Release|Any CPU
		{2D0843BC-A8E1-41B0-88EF-4964D539655D}.Debug|Any CPU.ActiveCfg = Debug|Any CPU
		{2D0843BC-A8E1-41B0-88EF-4964D539655D}.Debug|Any CPU.Build.0 = Debug|Any CPU
		{2D0843BC-A8E1-41B0-88EF-4964D539655D}.Release|Any CPU.ActiveCfg = Release|Any CPU
		{2D0843BC-A8E1-41B0-88EF-4964D539655D}.Release|Any CPU.Build.0 = Release|Any CPU
		{BD742A3F-F398-422E-A38B-1C22499D0722}.Debug|Any CPU.ActiveCfg = Debug|Any CPU
		{BD742A3F-F398-422E-A38B-1C22499D0722}.Debug|Any CPU.Build.0 = Debug|Any CPU
		{BD742A3F-F398-422E-A38B-1C22499D0722}.Release|Any CPU.ActiveCfg = Release|Any CPU
		{BD742A3F-F398-422E-A38B-1C22499D0722}.Release|Any CPU.Build.0 = Release|Any CPU
		{33272289-714F-491F-B87B-2EC25A5B5C6B}.Debug|Any CPU.ActiveCfg = Debug|Any CPU
		{33272289-714F-491F-B87B-2EC25A5B5C6B}.Debug|Any CPU.Build.0 = Debug|Any CPU
		{33272289-714F-491F-B87B-2EC25A5B5C6B}.Release|Any CPU.ActiveCfg = Release|Any CPU
		{33272289-714F-491F-B87B-2EC25A5B5C6B}.Release|Any CPU.Build.0 = Release|Any CPU
		{E8116CCE-5778-40E6-9AE1-EEA22BAD632E}.Debug|Any CPU.ActiveCfg = Debug|Any CPU
		{E8116CCE-5778-40E6-9AE1-EEA22BAD632E}.Debug|Any CPU.Build.0 = Debug|Any CPU
		{E8116CCE-5778-40E6-9AE1-EEA22BAD632E}.Release|Any CPU.ActiveCfg = Release|Any CPU
		{E8116CCE-5778-40E6-9AE1-EEA22BAD632E}.Release|Any CPU.Build.0 = Release|Any CPU
		{5A00DC4F-8DF2-46D6-9C02-587FCA28DD81}.Debug|Any CPU.ActiveCfg = Debug|Any CPU
		{5A00DC4F-8DF2-46D6-9C02-587FCA28DD81}.Debug|Any CPU.Build.0 = Debug|Any CPU
		{5A00DC4F-8DF2-46D6-9C02-587FCA28DD81}.Release|Any CPU.ActiveCfg = Release|Any CPU
		{5A00DC4F-8DF2-46D6-9C02-587FCA28DD81}.Release|Any CPU.Build.0 = Release|Any CPU
		{1BD049C5-AF82-43D8-9D5E-5CFDF6082F4F}.Debug|Any CPU.ActiveCfg = Debug|Any CPU
		{1BD049C5-AF82-43D8-9D5E-5CFDF6082F4F}.Debug|Any CPU.Build.0 = Debug|Any CPU
		{1BD049C5-AF82-43D8-9D5E-5CFDF6082F4F}.Release|Any CPU.ActiveCfg = Release|Any CPU
		{1BD049C5-AF82-43D8-9D5E-5CFDF6082F4F}.Release|Any CPU.Build.0 = Release|Any CPU
		{C53D5C78-AB46-43A5-B71C-EBE014C7EAD0}.Debug|Any CPU.ActiveCfg = Debug|Any CPU
		{C53D5C78-AB46-43A5-B71C-EBE014C7EAD0}.Debug|Any CPU.Build.0 = Debug|Any CPU
		{C53D5C78-AB46-43A5-B71C-EBE014C7EAD0}.Release|Any CPU.ActiveCfg = Release|Any CPU
		{C53D5C78-AB46-43A5-B71C-EBE014C7EAD0}.Release|Any CPU.Build.0 = Release|Any CPU
		{604146FD-BF6E-406E-AC7D-D797FDE91E42}.Debug|Any CPU.ActiveCfg = Debug|Any CPU
		{604146FD-BF6E-406E-AC7D-D797FDE91E42}.Debug|Any CPU.Build.0 = Debug|Any CPU
		{604146FD-BF6E-406E-AC7D-D797FDE91E42}.Release|Any CPU.ActiveCfg = Release|Any CPU
		{604146FD-BF6E-406E-AC7D-D797FDE91E42}.Release|Any CPU.Build.0 = Release|Any CPU
	EndGlobalSection
	GlobalSection(NestedProjects) = preSolution
		{08B57962-9841-4DFA-8DC3-E95042220750} = {AE1F223F-EF2C-4237-81CE-435DCE9DF913}
		{AA3857F1-A9AA-4156-A8D5-A10971C731CA} = {AE1F223F-EF2C-4237-81CE-435DCE9DF913}
		{CB82BD49-6D8E-4808-8208-375B9AAA776C} = {CD7C95FA-AEB1-4EC4-AA8C-3F6391A864A2}
		{66206D94-625E-4EC6-B2BA-2063C9CA7E25} = {D54DB59C-EB6F-4CBD-9FC0-EF423F88248E}
		{82F91DE5-FF08-4FA1-9EB5-03B73BA14E4E} = {D54DB59C-EB6F-4CBD-9FC0-EF423F88248E}
		{D0EDBECA-0DE0-41E0-8675-70FF8D94B583} = {CD7C95FA-AEB1-4EC4-AA8C-3F6391A864A2}
		{52A95D05-B493-45F4-B914-72FC7C2C1003} = {D54DB59C-EB6F-4CBD-9FC0-EF423F88248E}
		{60F5FF91-FB17-4016-BCB0-45F4ED061089} = {67D06790-261E-455B-BA5C-1033C2EC4A09}
		{6C7FF0F8-DD27-4055-B0CA-FD438B663EAA} = {67D06790-261E-455B-BA5C-1033C2EC4A09}
		{DA615BA1-1DBD-49ED-A8D2-F131083401CE} = {67D06790-261E-455B-BA5C-1033C2EC4A09}
		{CD1B9980-2FF7-44C3-9631-DCC08A002DA4} = {D54DB59C-EB6F-4CBD-9FC0-EF423F88248E}
		{457A55DC-934D-4FD9-9F34-E2A510F54237} = {AE1F223F-EF2C-4237-81CE-435DCE9DF913}
		{7224769F-EAB4-4C0E-B7AE-C1CF5E01E775} = {67D06790-261E-455B-BA5C-1033C2EC4A09}
		{2D0843BC-A8E1-41B0-88EF-4964D539655D} = {CD7C95FA-AEB1-4EC4-AA8C-3F6391A864A2}
		{BD742A3F-F398-422E-A38B-1C22499D0722} = {AE1F223F-EF2C-4237-81CE-435DCE9DF913}
		{33272289-714F-491F-B87B-2EC25A5B5C6B} = {D54DB59C-EB6F-4CBD-9FC0-EF423F88248E}
		{E8116CCE-5778-40E6-9AE1-EEA22BAD632E} = {67D06790-261E-455B-BA5C-1033C2EC4A09}
		{5A00DC4F-8DF2-46D6-9C02-587FCA28DD81} = {67D06790-261E-455B-BA5C-1033C2EC4A09}
		{1BD049C5-AF82-43D8-9D5E-5CFDF6082F4F} = {D54DB59C-EB6F-4CBD-9FC0-EF423F88248E}
		{C53D5C78-AB46-43A5-B71C-EBE014C7EAD0} = {CD7C95FA-AEB1-4EC4-AA8C-3F6391A864A2}
		{604146FD-BF6E-406E-AC7D-D797FDE91E42} = {67D06790-261E-455B-BA5C-1033C2EC4A09}
	EndGlobalSection
EndGlobal
