{
  "requires": true,
  "lockfileVersion": 1,
  "dependencies": {
    "json-markup": {
      "version": "1.1.3",
      "resolved": "https://registry.npmjs.org/json-markup/-/json-markup-1.1.3.tgz",
      "integrity": "sha512-H2V3SurX7Nmsi1FG2S2dps9jFufow25LcwIITTpVkaNDjNMpE3DF/luZhIi7p/g3Y+T7Q7agizBgtYciqZKI7A=="
    },
    "simple-analytics-vue": {
      "version": "1.1.0",
      "resolved": "https://registry.npmjs.org/simple-analytics-vue/-/simple-analytics-vue-1.1.0.tgz",
      "integrity": "sha512-83KFE3ZXnV/JYUbi5zZM3eFMPZt1DwMKHxs6Zf+hZ/MTCAcX458gkm52mu55jAwLrV+O2BQX7BlohAY1Dc7+ew==",
      "requires": {
        "vue": "^2.6.10"
      }
    },
    "vue": {
      "version": "2.6.11",
      "resolved": "https://registry.npmjs.org/vue/-/vue-2.6.11.tgz",
      "integrity": "sha512-VfPwgcGABbGAue9+sfrD4PuwFar7gPb1yl1UK1MwXoQPAw0BKSqWfoYCT/ThFrdEVWoI51dBuyCoiNU9bZDZxQ=="
    },
    "vue-material": {
      "version": "1.0.0-beta-11",
      "resolved": "https://registry.npmjs.org/vue-material/-/vue-material-1.0.0-beta-11.tgz",
      "integrity": "sha512-1+dIVkQafMIA/zNONb7OwGaTjAxaWk/JhUA2/FInQvbArxf1ToKB+yIdeSfzopQ1KICnBTAmk9E0Vdr5p4MWNA=="
    }
  }
}
